
Microsoft Visual Studio Solution File, Format Version 12.00
# Visual Studio Version 16
VisualStudioVersion = 16.0.28803.352
MinimumVisualStudioVersion = 10.0.40219.1
Project("{9A19103F-16F7-4668-BE54-9A1E7A4F7556}") = "LinkedListsHelpers", "LinkedListsHelpers.csproj", "{7EB29794-94A2-49B6-A49D-30E22EF35D8B}"
EndProject
Project("{FAE04EC0-301F-11D3-BF4B-00C04F79EFBC}") = "UnitTestLinkedList", "..\UnitTestLinkedList\UnitTestLinkedList.csproj", "{5E2EC953-0AA8-49E7-876E-05F71215CD09}"
EndProject
Global
	GlobalSection(SolutionConfigurationPlatforms) = preSolution
		Debug|Any CPU = Debug|Any CPU
		Release|Any CPU = Release|Any CPU
	EndGlobalSection
	GlobalSection(ProjectConfigurationPlatforms) = postSolution
		{7EB29794-94A2-49B6-A49D-30E22EF35D8B}.Debug|Any CPU.ActiveCfg = Debug|Any CPU
		{7EB29794-94A2-49B6-A49D-30E22EF35D8B}.Debug|Any CPU.Build.0 = Debug|Any CPU
		{7EB29794-94A2-49B6-A49D-30E22EF35D8B}.Release|Any CPU.ActiveCfg = Release|Any CPU
		{7EB29794-94A2-49B6-A49D-30E22EF35D8B}.Release|Any CPU.Build.0 = Release|Any CPU
		{5E2EC953-0AA8-49E7-876E-05F71215CD09}.Debug|Any CPU.ActiveCfg = Debug|Any CPU
		{5E2EC953-0AA8-49E7-876E-05F71215CD09}.Debug|Any CPU.Build.0 = Debug|Any CPU
		{5E2EC953-0AA8-49E7-876E-05F71215CD09}.Release|Any CPU.ActiveCfg = Release|Any CPU
		{5E2EC953-0AA8-49E7-876E-05F71215CD09}.Release|Any CPU.Build.0 = Release|Any CPU
	EndGlobalSection
	GlobalSection(SolutionProperties) = preSolution
		HideSolutionNode = FALSE
	EndGlobalSection
	GlobalSection(ExtensibilityGlobals) = postSolution
		SolutionGuid = {89124DDF-E754-4F4A-A91F-F9E3D7F0E2FA}
	EndGlobalSection
EndGlobal
